
Microsoft Visual Studio Solution File, Format Version 12.00
# Visual Studio Version 17
VisualStudioVersion = 17.4.33110.190
MinimumVisualStudioVersion = 10.0.40219.1
Project("{8BC9CEB8-8B4A-11D0-8D11-00A0C91BC942}") = "prepInt", "prepInt\prepInt.vcxproj", "{AC270558-426A-43C4-BE46-DB7C6C83121D}"
EndProject
Global
	GlobalSection(SolutionConfigurationPlatforms) = preSolution
		Debug|x64 = Debug|x64
		Debug|x86 = Debug|x86
		Release|x64 = Release|x64
		Release|x86 = Release|x86
	EndGlobalSection
	GlobalSection(ProjectConfigurationPlatforms) = postSolution
		{AC270558-426A-43C4-BE46-DB7C6C83121D}.Debug|x64.ActiveCfg = Debug|x64
		{AC270558-426A-43C4-BE46-DB7C6C83121D}.Debug|x64.Build.0 = Debug|x64
		{AC270558-426A-43C4-BE46-DB7C6C83121D}.Debug|x86.ActiveCfg = Debug|Win32
		{AC270558-426A-43C4-BE46-DB7C6C83121D}.Debug|x86.Build.0 = Debug|Win32
		{AC270558-426A-43C4-BE46-DB7C6C83121D}.Release|x64.ActiveCfg = Release|x64
		{AC270558-426A-43C4-BE46-DB7C6C83121D}.Release|x64.Build.0 = Release|x64
		{AC270558-426A-43C4-BE46-DB7C6C83121D}.Release|x86.ActiveCfg = Release|Win32
		{AC270558-426A-43C4-BE46-DB7C6C83121D}.Release|x86.Build.0 = Release|Win32
	EndGlobalSection
	GlobalSection(SolutionProperties) = preSolution
		HideSolutionNode = FALSE
	EndGlobalSection
	GlobalSection(ExtensibilityGlobals) = postSolution
		SolutionGuid = {0396B785-09BF-455B-9BE3-04ECBDA6FE84}
	EndGlobalSection
EndGlobal
